
Microsoft Visual Studio Solution File, Format Version 12.00
# Visual Studio 15
VisualStudioVersion = 15.0.28307.852
MinimumVisualStudioVersion = 10.0.40219.1
Project("{8BC9CEB8-8B4A-11D0-8D11-00A0C91BC942}") = "CS580HW5", "CS580HW5.vcxproj", "{95829DB3-43CD-46B7-A8ED-64C47FB44BEF}"
EndProject
Global
	GlobalSection(SolutionConfigurationPlatforms) = preSolution
		Debug|x86 = Debug|x86
		Release|x86 = Release|x86
	EndGlobalSection
	GlobalSection(ProjectConfigurationPlatforms) = postSolution
		{95829DB3-43CD-46B7-A8ED-64C47FB44BEF}.Debug|x86.ActiveCfg = Debug|Win32
		{95829DB3-43CD-46B7-A8ED-64C47FB44BEF}.Debug|x86.Build.0 = Debug|Win32
		{95829DB3-43CD-46B7-A8ED-64C47FB44BEF}.Release|x86.ActiveCfg = Release|Win32
		{95829DB3-43CD-46B7-A8ED-64C47FB44BEF}.Release|x86.Build.0 = Release|Win32
	EndGlobalSection
	GlobalSection(SolutionProperties) = preSolution
		HideSolutionNode = FALSE
	EndGlobalSection
	GlobalSection(ExtensibilityGlobals) = postSolution
		SolutionGuid = {7D693D43-3FA8-4B56-99C2-5809A6B0FE95}
	EndGlobalSection
EndGlobal
